
Microsoft Visual Studio Solution File, Format Version 12.00
# Visual Studio 15
VisualStudioVersion = 15.0.28010.2003
MinimumVisualStudioVersion = 10.0.40219.1
Project("{FAE04EC0-301F-11D3-BF4B-00C04F79EFBC}") = "DataAccess", "Glitter.DataAccess\DataAccess.csproj", "{B366C60A-7447-490B-9CE9-0D1EE3CB6D0E}"
EndProject
Project("{9A19103F-16F7-4668-BE54-9A1E7A4F7556}") = "Shared", "Shared\Shared.csproj", "{5D987921-AEF9-43BF-883D-1BB8A5454516}"
EndProject
Project("{FAE04EC0-301F-11D3-BF4B-00C04F79EFBC}") = "Business", "Business\Business.csproj", "{3E4B705F-1E53-4ADE-AF35-C3B78B03223B}"
EndProject
Project("{FAE04EC0-301F-11D3-BF4B-00C04F79EFBC}") = "WebAPI", "WebAPI\WebAPI.csproj", "{D7E92325-256E-4C66-88A0-D46698E9EFF1}"
EndProject
Global
	GlobalSection(SolutionConfigurationPlatforms) = preSolution
		Debug|Any CPU = Debug|Any CPU
		Release|Any CPU = Release|Any CPU
	EndGlobalSection
	GlobalSection(ProjectConfigurationPlatforms) = postSolution
		{B366C60A-7447-490B-9CE9-0D1EE3CB6D0E}.Debug|Any CPU.ActiveCfg = Debug|Any CPU
		{B366C60A-7447-490B-9CE9-0D1EE3CB6D0E}.Debug|Any CPU.Build.0 = Debug|Any CPU
		{B366C60A-7447-490B-9CE9-0D1EE3CB6D0E}.Release|Any CPU.ActiveCfg = Release|Any CPU
		{B366C60A-7447-490B-9CE9-0D1EE3CB6D0E}.Release|Any CPU.Build.0 = Release|Any CPU
		{5D987921-AEF9-43BF-883D-1BB8A5454516}.Debug|Any CPU.ActiveCfg = Debug|Any CPU
		{5D987921-AEF9-43BF-883D-1BB8A5454516}.Debug|Any CPU.Build.0 = Debug|Any CPU
		{5D987921-AEF9-43BF-883D-1BB8A5454516}.Release|Any CPU.ActiveCfg = Release|Any CPU
		{5D987921-AEF9-43BF-883D-1BB8A5454516}.Release|Any CPU.Build.0 = Release|Any CPU
		{3E4B705F-1E53-4ADE-AF35-C3B78B03223B}.Debug|Any CPU.ActiveCfg = Debug|Any CPU
		{3E4B705F-1E53-4ADE-AF35-C3B78B03223B}.Debug|Any CPU.Build.0 = Debug|Any CPU
		{3E4B705F-1E53-4ADE-AF35-C3B78B03223B}.Release|Any CPU.ActiveCfg = Release|Any CPU
		{3E4B705F-1E53-4ADE-AF35-C3B78B03223B}.Release|Any CPU.Build.0 = Release|Any CPU
		{D7E92325-256E-4C66-88A0-D46698E9EFF1}.Debug|Any CPU.ActiveCfg = Debug|Any CPU
		{D7E92325-256E-4C66-88A0-D46698E9EFF1}.Debug|Any CPU.Build.0 = Debug|Any CPU
		{D7E92325-256E-4C66-88A0-D46698E9EFF1}.Release|Any CPU.ActiveCfg = Release|Any CPU
		{D7E92325-256E-4C66-88A0-D46698E9EFF1}.Release|Any CPU.Build.0 = Release|Any CPU
	EndGlobalSection
	GlobalSection(SolutionProperties) = preSolution
		HideSolutionNode = FALSE
	EndGlobalSection
	GlobalSection(ExtensibilityGlobals) = postSolution
		SolutionGuid = {713DA40A-01ED-48DE-A44E-E708DE1E1638}
	EndGlobalSection
EndGlobal
